
Microsoft Visual Studio Solution File, Format Version 12.00
# Visual Studio Version 16
VisualStudioVersion = 16.0.34729.46
MinimumVisualStudioVersion = 10.0.40219.1
Project("{FAE04EC0-301F-11D3-BF4B-00C04F79EFBC}") = "tp1", "tp1\tp1.csproj", "{2615621F-7B1E-4222-A15C-591443E3C98F}"
EndProject
Global
	GlobalSection(SolutionConfigurationPlatforms) = preSolution
		Debug|Any CPU = Debug|Any CPU
		Release|Any CPU = Release|Any CPU
	EndGlobalSection
	GlobalSection(ProjectConfigurationPlatforms) = postSolution
		{2615621F-7B1E-4222-A15C-591443E3C98F}.Debug|Any CPU.ActiveCfg = Debug|Any CPU
		{2615621F-7B1E-4222-A15C-591443E3C98F}.Debug|Any CPU.Build.0 = Debug|Any CPU
		{2615621F-7B1E-4222-A15C-591443E3C98F}.Release|Any CPU.ActiveCfg = Release|Any CPU
		{2615621F-7B1E-4222-A15C-591443E3C98F}.Release|Any CPU.Build.0 = Release|Any CPU
	EndGlobalSection
	GlobalSection(SolutionProperties) = preSolution
		HideSolutionNode = FALSE
	EndGlobalSection
	GlobalSection(ExtensibilityGlobals) = postSolution
		SolutionGuid = {5909D4CE-6D02-4351-9962-2281E0A3EAFC}
	EndGlobalSection
EndGlobal
